
Microsoft Visual Studio Solution File, Format Version 12.00
# Visual Studio Version 16
VisualStudioVersion = 25.0.1704.0
MinimumVisualStudioVersion = 10.0.40219.1
Project("{FAE04EC0-301F-11D3-BF4B-00C04F79EFBC}") = "leadReceiptService", "leadLogs\leadReceiptService.csproj", "{6D2767BF-4C01-4A24-A1D1-14C265EBF26F}"
EndProject
Project("{FAE04EC0-301F-11D3-BF4B-00C04F79EFBC}") = "persistLeadService", "persistLeadService\persistLeadService.csproj", "{E00F046F-B234-40A7-B48D-28D45A93A18D}"
EndProject
Project("{2150E333-8FDC-42A3-9474-1A3956D46DE8}") = "Solution Items", "Solution Items", "{D0E8170B-520C-4C48-B5BC-BA8DEFFE2CF1}"
	ProjectSection(SolutionItems) = preProject
		readme.md = readme.md
	EndProjectSection
EndProject
Project("{FAE04EC0-301F-11D3-BF4B-00C04F79EFBC}") = "lms.config", "lms.config\lms.config.csproj", "{0CF2C0B5-825A-44EB-848D-EC13CE2E75E2}"
EndProject
Project("{FAE04EC0-301F-11D3-BF4B-00C04F79EFBC}") = "classifyService", "classifyService\classifyService.csproj", "{F6DF31A7-53CA-4813-82FA-82C919785277}"
EndProject
Project("{FAE04EC0-301F-11D3-BF4B-00C04F79EFBC}") = "emsService", "emsService\emsService.csproj", "{9C621F83-5268-44BF-B68B-A0609D6D4D92}"
EndProject
Project("{FAE04EC0-301F-11D3-BF4B-00C04F79EFBC}") = "dmsService", "dmsService\dmsService.csproj", "{F00AC720-76F3-4355-8B22-A27A5C214960}"
EndProject
Project("{FAE04EC0-301F-11D3-BF4B-00C04F79EFBC}") = "crmService", "crmService\crmService.csproj", "{DB1F471C-35CD-443C-889C-6FA17F82419F}"
EndProject
Global
	GlobalSection(SolutionConfigurationPlatforms) = preSolution
		Debug|Any CPU = Debug|Any CPU
		Release|Any CPU = Release|Any CPU
	EndGlobalSection
	GlobalSection(ProjectConfigurationPlatforms) = postSolution
		{6D2767BF-4C01-4A24-A1D1-14C265EBF26F}.Debug|Any CPU.ActiveCfg = Debug|Any CPU
		{6D2767BF-4C01-4A24-A1D1-14C265EBF26F}.Debug|Any CPU.Build.0 = Debug|Any CPU
		{6D2767BF-4C01-4A24-A1D1-14C265EBF26F}.Release|Any CPU.ActiveCfg = Release|Any CPU
		{6D2767BF-4C01-4A24-A1D1-14C265EBF26F}.Release|Any CPU.Build.0 = Release|Any CPU
		{E00F046F-B234-40A7-B48D-28D45A93A18D}.Debug|Any CPU.ActiveCfg = Debug|Any CPU
		{E00F046F-B234-40A7-B48D-28D45A93A18D}.Debug|Any CPU.Build.0 = Debug|Any CPU
		{E00F046F-B234-40A7-B48D-28D45A93A18D}.Release|Any CPU.ActiveCfg = Release|Any CPU
		{E00F046F-B234-40A7-B48D-28D45A93A18D}.Release|Any CPU.Build.0 = Release|Any CPU
		{0CF2C0B5-825A-44EB-848D-EC13CE2E75E2}.Debug|Any CPU.ActiveCfg = Debug|Any CPU
		{0CF2C0B5-825A-44EB-848D-EC13CE2E75E2}.Debug|Any CPU.Build.0 = Debug|Any CPU
		{0CF2C0B5-825A-44EB-848D-EC13CE2E75E2}.Release|Any CPU.ActiveCfg = Release|Any CPU
		{0CF2C0B5-825A-44EB-848D-EC13CE2E75E2}.Release|Any CPU.Build.0 = Release|Any CPU
		{F6DF31A7-53CA-4813-82FA-82C919785277}.Debug|Any CPU.ActiveCfg = Debug|Any CPU
		{F6DF31A7-53CA-4813-82FA-82C919785277}.Debug|Any CPU.Build.0 = Debug|Any CPU
		{F6DF31A7-53CA-4813-82FA-82C919785277}.Release|Any CPU.ActiveCfg = Release|Any CPU
		{F6DF31A7-53CA-4813-82FA-82C919785277}.Release|Any CPU.Build.0 = Release|Any CPU
		{9C621F83-5268-44BF-B68B-A0609D6D4D92}.Debug|Any CPU.ActiveCfg = Debug|Any CPU
		{9C621F83-5268-44BF-B68B-A0609D6D4D92}.Debug|Any CPU.Build.0 = Debug|Any CPU
		{9C621F83-5268-44BF-B68B-A0609D6D4D92}.Release|Any CPU.ActiveCfg = Release|Any CPU
		{9C621F83-5268-44BF-B68B-A0609D6D4D92}.Release|Any CPU.Build.0 = Release|Any CPU
		{F00AC720-76F3-4355-8B22-A27A5C214960}.Debug|Any CPU.ActiveCfg = Debug|Any CPU
		{F00AC720-76F3-4355-8B22-A27A5C214960}.Debug|Any CPU.Build.0 = Debug|Any CPU
		{F00AC720-76F3-4355-8B22-A27A5C214960}.Release|Any CPU.ActiveCfg = Release|Any CPU
		{F00AC720-76F3-4355-8B22-A27A5C214960}.Release|Any CPU.Build.0 = Release|Any CPU
		{DB1F471C-35CD-443C-889C-6FA17F82419F}.Debug|Any CPU.ActiveCfg = Debug|Any CPU
		{DB1F471C-35CD-443C-889C-6FA17F82419F}.Debug|Any CPU.Build.0 = Debug|Any CPU
		{DB1F471C-35CD-443C-889C-6FA17F82419F}.Release|Any CPU.ActiveCfg = Release|Any CPU
		{DB1F471C-35CD-443C-889C-6FA17F82419F}.Release|Any CPU.Build.0 = Release|Any CPU
	EndGlobalSection
	GlobalSection(SolutionProperties) = preSolution
		HideSolutionNode = FALSE
	EndGlobalSection
	GlobalSection(ExtensibilityGlobals) = postSolution
		SolutionGuid = {31C8E6B1-F66C-47A4-9AE2-E11E797DC560}
	EndGlobalSection
EndGlobal
